
Microsoft Visual Studio Solution File, Format Version 12.00
# Visual Studio Version 17
VisualStudioVersion = 17.11.35312.102
MinimumVisualStudioVersion = 10.0.40219.1
Project("{FAE04EC0-301F-11D3-BF4B-00C04F79EFBC}") = "PKG_Lab4", "PKG_Lab4\PKG_Lab4.csproj", "{13728C91-38A0-4327-8C88-134F925A0F23}"
EndProject
Global
	GlobalSection(SolutionConfigurationPlatforms) = preSolution
		Debug|Any CPU = Debug|Any CPU
		Release|Any CPU = Release|Any CPU
	EndGlobalSection
	GlobalSection(ProjectConfigurationPlatforms) = postSolution
		{13728C91-38A0-4327-8C88-134F925A0F23}.Debug|Any CPU.ActiveCfg = Debug|Any CPU
		{13728C91-38A0-4327-8C88-134F925A0F23}.Debug|Any CPU.Build.0 = Debug|Any CPU
		{13728C91-38A0-4327-8C88-134F925A0F23}.Release|Any CPU.ActiveCfg = Release|Any CPU
		{13728C91-38A0-4327-8C88-134F925A0F23}.Release|Any CPU.Build.0 = Release|Any CPU
	EndGlobalSection
	GlobalSection(SolutionProperties) = preSolution
		HideSolutionNode = FALSE
	EndGlobalSection
	GlobalSection(ExtensibilityGlobals) = postSolution
		SolutionGuid = {62CC6588-D683-4EF6-87F0-4EA750E498BB}
	EndGlobalSection
EndGlobal
